
Microsoft Visual Studio Solution File, Format Version 12.00
# Visual Studio 15
VisualStudioVersion = 15.0.27428.2011
MinimumVisualStudioVersion = 10.0.40219.1
Project("{FAE04EC0-301F-11D3-BF4B-00C04F79EFBC}") = "BaseClassEvents", "BaseClassEvents\BaseClassEvents.csproj", "{2420DF3E-283B-41F1-817F-94268CD7B232}"
EndProject
Global
	GlobalSection(SolutionConfigurationPlatforms) = preSolution
		Debug|Any CPU = Debug|Any CPU
		Release|Any CPU = Release|Any CPU
	EndGlobalSection
	GlobalSection(ProjectConfigurationPlatforms) = postSolution
		{2420DF3E-283B-41F1-817F-94268CD7B232}.Debug|Any CPU.ActiveCfg = Debug|Any CPU
		{2420DF3E-283B-41F1-817F-94268CD7B232}.Debug|Any CPU.Build.0 = Debug|Any CPU
		{2420DF3E-283B-41F1-817F-94268CD7B232}.Release|Any CPU.ActiveCfg = Release|Any CPU
		{2420DF3E-283B-41F1-817F-94268CD7B232}.Release|Any CPU.Build.0 = Release|Any CPU
	EndGlobalSection
	GlobalSection(SolutionProperties) = preSolution
		HideSolutionNode = FALSE
	EndGlobalSection
	GlobalSection(ExtensibilityGlobals) = postSolution
		SolutionGuid = {40AC74A0-E66D-409D-80E1-FE95D75882D2}
	EndGlobalSection
EndGlobal
